
Microsoft Visual Studio Solution File, Format Version 12.00
# Visual Studio Version 16
VisualStudioVersion = 16.0.29728.190
MinimumVisualStudioVersion = 10.0.40219.1
Project("{8BC9CEB8-8B4A-11D0-8D11-00A0C91BC942}") = "questao6", "questao6.vcxproj", "{7BD98683-512B-44EF-ACFE-B9059F9DA90B}"
EndProject
Global
	GlobalSection(SolutionConfigurationPlatforms) = preSolution
		Debug|x64 = Debug|x64
		Debug|x86 = Debug|x86
		Release|x64 = Release|x64
		Release|x86 = Release|x86
	EndGlobalSection
	GlobalSection(ProjectConfigurationPlatforms) = postSolution
		{7BD98683-512B-44EF-ACFE-B9059F9DA90B}.Debug|x64.ActiveCfg = Debug|x64
		{7BD98683-512B-44EF-ACFE-B9059F9DA90B}.Debug|x64.Build.0 = Debug|x64
		{7BD98683-512B-44EF-ACFE-B9059F9DA90B}.Debug|x86.ActiveCfg = Debug|Win32
		{7BD98683-512B-44EF-ACFE-B9059F9DA90B}.Debug|x86.Build.0 = Debug|Win32
		{7BD98683-512B-44EF-ACFE-B9059F9DA90B}.Release|x64.ActiveCfg = Release|x64
		{7BD98683-512B-44EF-ACFE-B9059F9DA90B}.Release|x64.Build.0 = Release|x64
		{7BD98683-512B-44EF-ACFE-B9059F9DA90B}.Release|x86.ActiveCfg = Release|Win32
		{7BD98683-512B-44EF-ACFE-B9059F9DA90B}.Release|x86.Build.0 = Release|Win32
	EndGlobalSection
	GlobalSection(SolutionProperties) = preSolution
		HideSolutionNode = FALSE
	EndGlobalSection
	GlobalSection(ExtensibilityGlobals) = postSolution
		SolutionGuid = {47EF3362-72AF-434D-AF45-302EFA344608}
	EndGlobalSection
EndGlobal
